{
	"name": "gajn-statico-plugin-ratingstars",
	"version": "0.1.0",
	"lockfileVersion": 2,
	"requires": true,
	"packages": {
		"": {
			"name": "gajn-statico-plugin-ratingstars",
			"version": "0.1.0",
			"license": "MIT",
			"dependencies": {
				"gajn-framework": "../../framework"
			},
			"devDependencies": {},
			"engines": {
				"node": ">=12"
			}
		},
		"../../framework": {
			"version": "0.1.0",
			"license": "MIT",
			"dependencies": {
				"dateformat": "*",
				"deepmerge": "*",
				"is-plain-object": "*",
				"rimraf": "*"
			},
			"devDependencies": {},
			"engines": {
				"node": ">=10"
			}
		},
		"node_modules/gajn-framework": {
			"resolved": "../../framework",
			"link": true
		}
	},
	"dependencies": {
		"gajn-framework": {
			"version": "file:../../framework",
			"requires": {
				"dateformat": "*",
				"deepmerge": "*",
				"is-plain-object": "*",
				"rimraf": "*"
			}
		}
	}
}
